
Microsoft Visual Studio Solution File, Format Version 12.00
# Visual Studio Version 16
VisualStudioVersion = 16.0.29709.97
MinimumVisualStudioVersion = 10.0.40219.1
Project("{9A19103F-16F7-4668-BE54-9A1E7A4F7556}") = "Abc.MoqComplete", "Abc.MoqComplete\Abc.MoqComplete.csproj", "{0CC201AA-4CDD-454F-AE45-93A50B6B772E}"
EndProject
Project("{9A19103F-16F7-4668-BE54-9A1E7A4F7556}") = "Abc.MoqComplete.Tests", "Abc.MoqComplete.Tests\Abc.MoqComplete.Tests.csproj", "{861AAD72-682B-4E32-B68A-AF45DA05EAB7}"
EndProject
Project("{9A19103F-16F7-4668-BE54-9A1E7A4F7556}") = "Abc.MoqComplete.Rider", "Abc.MoqComplete\Abc.MoqComplete.Rider.csproj", "{98492790-1637-4090-AEEA-D2883DE35757}"
EndProject
Project("{2150E333-8FDC-42A3-9474-1A3956D46DE8}") = "@ Solution Items", "@ Solution Items", "{EE7F9EA7-3EBB-4970-8714-915825BBFABB}"
	ProjectSection(SolutionItems) = preProject
		Directory.Build.props = Directory.Build.props
		Plugin.props = Plugin.props
		Abc.MoqComplete\Resources\plugin.xml = Abc.MoqComplete\Resources\plugin.xml
	EndProjectSection
EndProject
Global
	GlobalSection(SolutionConfigurationPlatforms) = preSolution
		Debug|Any CPU = Debug|Any CPU
		Release|Any CPU = Release|Any CPU
	EndGlobalSection
	GlobalSection(ProjectConfigurationPlatforms) = postSolution
		{0CC201AA-4CDD-454F-AE45-93A50B6B772E}.Debug|Any CPU.ActiveCfg = Debug|Any CPU
		{0CC201AA-4CDD-454F-AE45-93A50B6B772E}.Debug|Any CPU.Build.0 = Debug|Any CPU
		{0CC201AA-4CDD-454F-AE45-93A50B6B772E}.Release|Any CPU.ActiveCfg = Release|Any CPU
		{0CC201AA-4CDD-454F-AE45-93A50B6B772E}.Release|Any CPU.Build.0 = Release|Any CPU
		{861AAD72-682B-4E32-B68A-AF45DA05EAB7}.Debug|Any CPU.ActiveCfg = Debug|Any CPU
		{861AAD72-682B-4E32-B68A-AF45DA05EAB7}.Debug|Any CPU.Build.0 = Debug|Any CPU
		{861AAD72-682B-4E32-B68A-AF45DA05EAB7}.Release|Any CPU.ActiveCfg = Release|Any CPU
		{861AAD72-682B-4E32-B68A-AF45DA05EAB7}.Release|Any CPU.Build.0 = Release|Any CPU
		{98492790-1637-4090-AEEA-D2883DE35757}.Debug|Any CPU.ActiveCfg = Debug|Any CPU
		{98492790-1637-4090-AEEA-D2883DE35757}.Debug|Any CPU.Build.0 = Debug|Any CPU
		{98492790-1637-4090-AEEA-D2883DE35757}.Release|Any CPU.ActiveCfg = Release|Any CPU
		{98492790-1637-4090-AEEA-D2883DE35757}.Release|Any CPU.Build.0 = Release|Any CPU
	EndGlobalSection
	GlobalSection(SolutionProperties) = preSolution
		HideSolutionNode = FALSE
	EndGlobalSection
	GlobalSection(ExtensibilityGlobals) = postSolution
		SolutionGuid = {10F3EBC8-E2F9-448A-B755-E73B35D98257}
	EndGlobalSection
EndGlobal
