
Microsoft Visual Studio Solution File, Format Version 12.00
# Visual Studio 15
VisualStudioVersion = 15.0.28307.168
MinimumVisualStudioVersion = 10.0.40219.1
Project("{FAE04EC0-301F-11D3-BF4B-00C04F79EFBC}") = "MoqComplete", "MoqComplete\MoqComplete.csproj", "{0CC201AA-4CDD-454F-AE45-93A50B6B772E}"
EndProject
Project("{FAE04EC0-301F-11D3-BF4B-00C04F79EFBC}") = "MoqComplete.Tests", "MoqComplete.Tests\MoqComplete.Tests.csproj", "{861AAD72-682B-4E32-B68A-AF45DA05EAB7}"
EndProject
Global
	GlobalSection(SolutionConfigurationPlatforms) = preSolution
		Debug|Any CPU = Debug|Any CPU
		Release|Any CPU = Release|Any CPU
	EndGlobalSection
	GlobalSection(ProjectConfigurationPlatforms) = postSolution
		{0CC201AA-4CDD-454F-AE45-93A50B6B772E}.Debug|Any CPU.ActiveCfg = Debug|Any CPU
		{0CC201AA-4CDD-454F-AE45-93A50B6B772E}.Debug|Any CPU.Build.0 = Debug|Any CPU
		{0CC201AA-4CDD-454F-AE45-93A50B6B772E}.Release|Any CPU.ActiveCfg = Release|Any CPU
		{0CC201AA-4CDD-454F-AE45-93A50B6B772E}.Release|Any CPU.Build.0 = Release|Any CPU
		{861AAD72-682B-4E32-B68A-AF45DA05EAB7}.Debug|Any CPU.ActiveCfg = Debug|Any CPU
		{861AAD72-682B-4E32-B68A-AF45DA05EAB7}.Debug|Any CPU.Build.0 = Debug|Any CPU
		{861AAD72-682B-4E32-B68A-AF45DA05EAB7}.Release|Any CPU.ActiveCfg = Release|Any CPU
		{861AAD72-682B-4E32-B68A-AF45DA05EAB7}.Release|Any CPU.Build.0 = Release|Any CPU
	EndGlobalSection
	GlobalSection(SolutionProperties) = preSolution
		HideSolutionNode = FALSE
	EndGlobalSection
	GlobalSection(ExtensibilityGlobals) = postSolution
		SolutionGuid = {10F3EBC8-E2F9-448A-B755-E73B35D98257}
	EndGlobalSection
EndGlobal
